
Microsoft Visual Studio Solution File, Format Version 12.00
# Visual Studio Version 17
VisualStudioVersion = 17.0.31903.59
MinimumVisualStudioVersion = 10.0.40219.1
Project("{FAE04EC0-301F-11D3-BF4B-00C04F79EFBC}") = "library", "library\library.csproj", "{A97FE5B5-20D0-4789-9C12-9C1E7B9F160E}"
EndProject
Project("{FAE04EC0-301F-11D3-BF4B-00C04F79EFBC}") = "test", "test\test.csproj", "{38BDEECA-8123-4BF0-9EF8-792DB95DF0C4}"
EndProject
Project("{FAE04EC0-301F-11D3-BF4B-00C04F79EFBC}") = "sample", "sample\sample.csproj", "{A8359636-10B0-4BC9-86CA-F6A3426F9347}"
EndProject
Project("{2150E333-8FDC-42A3-9474-1A3956D46DE8}") = "docs", "docs", "{89983A85-CA55-423B-81E7-A12055DC5F84}"
	ProjectSection(SolutionItems) = preProject
		README.md = README.md
	EndProjectSection
EndProject
Project("{FAE04EC0-301F-11D3-BF4B-00C04F79EFBC}") = "microsoft-di", "microsoft-di\microsoft-di.csproj", "{626B16D0-BEEB-4855-B240-AA8218A34E34}"
EndProject
Global
	GlobalSection(SolutionConfigurationPlatforms) = preSolution
		Debug|Any CPU = Debug|Any CPU
		Release|Any CPU = Release|Any CPU
	EndGlobalSection
	GlobalSection(SolutionProperties) = preSolution
		HideSolutionNode = FALSE
	EndGlobalSection
	GlobalSection(ProjectConfigurationPlatforms) = postSolution
		{A97FE5B5-20D0-4789-9C12-9C1E7B9F160E}.Debug|Any CPU.ActiveCfg = Debug|Any CPU
		{A97FE5B5-20D0-4789-9C12-9C1E7B9F160E}.Debug|Any CPU.Build.0 = Debug|Any CPU
		{A97FE5B5-20D0-4789-9C12-9C1E7B9F160E}.Release|Any CPU.ActiveCfg = Release|Any CPU
		{A97FE5B5-20D0-4789-9C12-9C1E7B9F160E}.Release|Any CPU.Build.0 = Release|Any CPU
		{38BDEECA-8123-4BF0-9EF8-792DB95DF0C4}.Debug|Any CPU.ActiveCfg = Debug|Any CPU
		{38BDEECA-8123-4BF0-9EF8-792DB95DF0C4}.Debug|Any CPU.Build.0 = Debug|Any CPU
		{38BDEECA-8123-4BF0-9EF8-792DB95DF0C4}.Release|Any CPU.ActiveCfg = Release|Any CPU
		{38BDEECA-8123-4BF0-9EF8-792DB95DF0C4}.Release|Any CPU.Build.0 = Release|Any CPU
		{A8359636-10B0-4BC9-86CA-F6A3426F9347}.Debug|Any CPU.ActiveCfg = Debug|Any CPU
		{A8359636-10B0-4BC9-86CA-F6A3426F9347}.Debug|Any CPU.Build.0 = Debug|Any CPU
		{A8359636-10B0-4BC9-86CA-F6A3426F9347}.Release|Any CPU.ActiveCfg = Release|Any CPU
		{A8359636-10B0-4BC9-86CA-F6A3426F9347}.Release|Any CPU.Build.0 = Release|Any CPU
		{626B16D0-BEEB-4855-B240-AA8218A34E34}.Debug|Any CPU.ActiveCfg = Debug|Any CPU
		{626B16D0-BEEB-4855-B240-AA8218A34E34}.Debug|Any CPU.Build.0 = Debug|Any CPU
		{626B16D0-BEEB-4855-B240-AA8218A34E34}.Release|Any CPU.ActiveCfg = Release|Any CPU
		{626B16D0-BEEB-4855-B240-AA8218A34E34}.Release|Any CPU.Build.0 = Release|Any CPU
	EndGlobalSection
EndGlobal
